// !$*UTF8*$!
{
	archiveVersion = 1;
	classes = {
	};
	objectVersion = 46;
	objects = {

/* Begin PBXBuildFile section */
		A2AA5E127BBF820C8E656380 /* Pods_RxWeather.framework in Frameworks */ = {isa = PBXBuildFile; fileRef = A5E01E1A7229BF8484831ACE /* Pods_RxWeather.framework */; };
		E50130351C64B6CF00B12FC3 /* Weather.swift in Sources */ = {isa = PBXBuildFile; fileRef = E50130341C64B6CF00B12FC3 /* Weather.swift */; };
		E50130371C64B86400B12FC3 /* WeatherViewModel.swift in Sources */ = {isa = PBXBuildFile; fileRef = E50130361C64B86400B12FC3 /* WeatherViewModel.swift */; };
		E5B55A281C6259A50064871C /* AppDelegate.swift in Sources */ = {isa = PBXBuildFile; fileRef = E5B55A271C6259A50064871C /* AppDelegate.swift */; };
		E5B55A2A1C6259A50064871C /* WeatherViewController.swift in Sources */ = {isa = PBXBuildFile; fileRef = E5B55A291C6259A50064871C /* WeatherViewController.swift */; };
		E5B55A2D1C6259A50064871C /* Main.storyboard in Resources */ = {isa = PBXBuildFile; fileRef = E5B55A2B1C6259A50064871C /* Main.storyboard */; };
		E5B55A2F1C6259A50064871C /* Assets.xcassets in Resources */ = {isa = PBXBuildFile; fileRef = E5B55A2E1C6259A50064871C /* Assets.xcassets */; };
		E5B55A321C6259A50064871C /* LaunchScreen.storyboard in Resources */ = {isa = PBXBuildFile; fileRef = E5B55A301C6259A50064871C /* LaunchScreen.storyboard */; };
/* End PBXBuildFile section */

/* Begin PBXFileReference section */
		1E0B464E9C7CBE3B1B2C504B /* Pods-RxWeather.release.xcconfig */ = {isa = PBXFileReference; includeInIndex = 1; lastKnownFileType = text.xcconfig; name = "Pods-RxWeather.release.xcconfig"; path = "Pods/Target Support Files/Pods-RxWeather/Pods-RxWeather.release.xcconfig"; sourceTree = "<group>"; };
		A5E01E1A7229BF8484831ACE /* Pods_RxWeather.framework */ = {isa = PBXFileReference; explicitFileType = wrapper.framework; includeInIndex = 0; path = Pods_RxWeather.framework; sourceTree = BUILT_PRODUCTS_DIR; };
		BCF93E8AEFED5C8A16B8DCC0 /* Pods-RxWeather.debug.xcconfig */ = {isa = PBXFileReference; includeInIndex = 1; lastKnownFileType = text.xcconfig; name = "Pods-RxWeather.debug.xcconfig"; path = "Pods/Target Support Files/Pods-RxWeather/Pods-RxWeather.debug.xcconfig"; sourceTree = "<group>"; };
		E50130341C64B6CF00B12FC3 /* Weather.swift */ = {isa = PBXFileReference; fileEncoding = 4; lastKnownFileType = sourcecode.swift; path = Weather.swift; sourceTree = "<group>"; };
		E50130361C64B86400B12FC3 /* WeatherViewModel.swift */ = {isa = PBXFileReference; fileEncoding = 4; lastKnownFileType = sourcecode.swift; path = WeatherViewModel.swift; sourceTree = "<group>"; };
		E5B55A241C6259A50064871C /* RxWeather.app */ = {isa = PBXFileReference; explicitFileType = wrapper.application; includeInIndex = 0; path = RxWeather.app; sourceTree = BUILT_PRODUCTS_DIR; };
		E5B55A271C6259A50064871C /* AppDelegate.swift */ = {isa = PBXFileReference; lastKnownFileType = sourcecode.swift; path = AppDelegate.swift; sourceTree = "<group>"; };
		E5B55A291C6259A50064871C /* WeatherViewController.swift */ = {isa = PBXFileReference; lastKnownFileType = sourcecode.swift; path = WeatherViewController.swift; sourceTree = "<group>"; };
		E5B55A2C1C6259A50064871C /* Base */ = {isa = PBXFileReference; lastKnownFileType = file.storyboard; name = Base; path = Base.lproj/Main.storyboard; sourceTree = "<group>"; };
		E5B55A2E1C6259A50064871C /* Assets.xcassets */ = {isa = PBXFileReference; lastKnownFileType = folder.assetcatalog; path = Assets.xcassets; sourceTree = "<group>"; };
		E5B55A311C6259A50064871C /* Base */ = {isa = PBXFileReference; lastKnownFileType = file.storyboard; name = Base; path = Base.lproj/LaunchScreen.storyboard; sourceTree = "<group>"; };
		E5B55A331C6259A50064871C /* Info.plist */ = {isa = PBXFileReference; lastKnownFileType = text.plist.xml; path = Info.plist; sourceTree = "<group>"; };
/* End PBXFileReference section */

/* Begin PBXFrameworksBuildPhase section */
		E5B55A211C6259A50064871C /* Frameworks */ = {
			isa = PBXFrameworksBuildPhase;
			buildActionMask = 2147483647;
			files = (
				A2AA5E127BBF820C8E656380 /* Pods_RxWeather.framework in Frameworks */,
			);
			runOnlyForDeploymentPostprocessing = 0;
		};
/* End PBXFrameworksBuildPhase section */

/* Begin PBXGroup section */
		688F18D368913FD97E3B5789 /* Frameworks */ = {
			isa = PBXGroup;
			children = (
				A5E01E1A7229BF8484831ACE /* Pods_RxWeather.framework */,
			);
			name = Frameworks;
			sourceTree = "<group>";
		};
		E50130381C64B8E300B12FC3 /* ViewControllers */ = {
			isa = PBXGroup;
			children = (
				E5B55A291C6259A50064871C /* WeatherViewController.swift */,
			);
			name = ViewControllers;
			sourceTree = "<group>";
		};
		E50130391C64B8F500B12FC3 /* ViewModels */ = {
			isa = PBXGroup;
			children = (
				E50130361C64B86400B12FC3 /* WeatherViewModel.swift */,
			);
			name = ViewModels;
			sourceTree = "<group>";
		};
		E501303A1C64B90500B12FC3 /* Models */ = {
			isa = PBXGroup;
			children = (
				E50130341C64B6CF00B12FC3 /* Weather.swift */,
			);
			name = Models;
			sourceTree = "<group>";
		};
		E5B55A1B1C6259A50064871C = {
			isa = PBXGroup;
			children = (
				E5B55A261C6259A50064871C /* RxWeather */,
				E5B55A251C6259A50064871C /* Products */,
				F54C27868A2A7C7D0243573D /* Pods */,
				688F18D368913FD97E3B5789 /* Frameworks */,
			);
			sourceTree = "<group>";
		};
		E5B55A251C6259A50064871C /* Products */ = {
			isa = PBXGroup;
			children = (
				E5B55A241C6259A50064871C /* RxWeather.app */,
			);
			name = Products;
			sourceTree = "<group>";
		};
		E5B55A261C6259A50064871C /* RxWeather */ = {
			isa = PBXGroup;
			children = (
				E5B55A271C6259A50064871C /* AppDelegate.swift */,
				E5B55A2B1C6259A50064871C /* Main.storyboard */,
				E5B55A2E1C6259A50064871C /* Assets.xcassets */,
				E5B55A301C6259A50064871C /* LaunchScreen.storyboard */,
				E5B55A331C6259A50064871C /* Info.plist */,
				E50130381C64B8E300B12FC3 /* ViewControllers */,
				E50130391C64B8F500B12FC3 /* ViewModels */,
				E501303A1C64B90500B12FC3 /* Models */,
			);
			path = RxWeather;
			sourceTree = "<group>";
		};
		F54C27868A2A7C7D0243573D /* Pods */ = {
			isa = PBXGroup;
			children = (
				BCF93E8AEFED5C8A16B8DCC0 /* Pods-RxWeather.debug.xcconfig */,
				1E0B464E9C7CBE3B1B2C504B /* Pods-RxWeather.release.xcconfig */,
			);
			name = Pods;
			sourceTree = "<group>";
		};
/* End PBXGroup section */

/* Begin PBXNativeTarget section */
		E5B55A231C6259A50064871C /* RxWeather */ = {
			isa = PBXNativeTarget;
			buildConfigurationList = E5B55A361C6259A50064871C /* Build configuration list for PBXNativeTarget "RxWeather" */;
			buildPhases = (
				5740B5AB86563D350D5FAE14 /* [CP] Check Pods Manifest.lock */,
				E5B55A201C6259A50064871C /* Sources */,
				E5B55A211C6259A50064871C /* Frameworks */,
				E5B55A221C6259A50064871C /* Resources */,
				2454C0B2E5062DEB1A88E610 /* [CP] Embed Pods Frameworks */,
				67F5F01496C15582104A95D8 /* [CP] Copy Pods Resources */,
			);
			buildRules = (
			);
			dependencies = (
			);
			name = RxWeather;
			productName = RxWeather;
			productReference = E5B55A241C6259A50064871C /* RxWeather.app */;
			productType = "com.apple.product-type.application";
		};
/* End PBXNativeTarget section */

/* Begin PBXProject section */
		E5B55A1C1C6259A50064871C /* Project object */ = {
			isa = PBXProject;
			attributes = {
				LastSwiftUpdateCheck = 0720;
				LastUpgradeCheck = 0900;
				ORGANIZATIONNAME = "Ennio Bovyn";
				TargetAttributes = {
					E5B55A231C6259A50064871C = {
						CreatedOnToolsVersion = 7.2.1;
					};
				};
			};
			buildConfigurationList = E5B55A1F1C6259A50064871C /* Build configuration list for PBXProject "RxWeather" */;
			compatibilityVersion = "Xcode 3.2";
			developmentRegion = English;
			hasScannedForEncodings = 0;
			knownRegions = (
				en,
				Base,
			);
			mainGroup = E5B55A1B1C6259A50064871C;
			productRefGroup = E5B55A251C6259A50064871C /* Products */;
			projectDirPath = "";
			projectRoot = "";
			targets = (
				E5B55A231C6259A50064871C /* RxWeather */,
			);
		};
/* End PBXProject section */

/* Begin PBXResourcesBuildPhase section */
		E5B55A221C6259A50064871C /* Resources */ = {
			isa = PBXResourcesBuildPhase;
			buildActionMask = 2147483647;
			files = (
				E5B55A321C6259A50064871C /* LaunchScreen.storyboard in Resources */,
				E5B55A2F1C6259A50064871C /* Assets.xcassets in Resources */,
				E5B55A2D1C6259A50064871C /* Main.storyboard in Resources */,
			);
			runOnlyForDeploymentPostprocessing = 0;
		};
/* End PBXResourcesBuildPhase section */

/* Begin PBXShellScriptBuildPhase section */
		2454C0B2E5062DEB1A88E610 /* [CP] Embed Pods Frameworks */ = {
			isa = PBXShellScriptBuildPhase;
			buildActionMask = 2147483647;
			files = (
			);
			inputPaths = (
				"${SRCROOT}/Pods/Target Support Files/Pods-RxWeather/Pods-RxWeather-frameworks.sh",
				"${BUILT_PRODUCTS_DIR}/Alamofire/Alamofire.framework",
				"${BUILT_PRODUCTS_DIR}/RxAlamofire/RxAlamofire.framework",
				"${BUILT_PRODUCTS_DIR}/RxCocoa/RxCocoa.framework",
				"${BUILT_PRODUCTS_DIR}/RxSwift/RxSwift.framework",
				"${BUILT_PRODUCTS_DIR}/SwiftyJSON/SwiftyJSON.framework",
			);
			name = "[CP] Embed Pods Frameworks";
			outputPaths = (
				"${TARGET_BUILD_DIR}/${FRAMEWORKS_FOLDER_PATH}/Alamofire.framework",
				"${TARGET_BUILD_DIR}/${FRAMEWORKS_FOLDER_PATH}/RxAlamofire.framework",
				"${TARGET_BUILD_DIR}/${FRAMEWORKS_FOLDER_PATH}/RxCocoa.framework",
				"${TARGET_BUILD_DIR}/${FRAMEWORKS_FOLDER_PATH}/RxSwift.framework",
				"${TARGET_BUILD_DIR}/${FRAMEWORKS_FOLDER_PATH}/SwiftyJSON.framework",
			);
			runOnlyForDeploymentPostprocessing = 0;
			shellPath = /bin/sh;
			shellScript = "\"${SRCROOT}/Pods/Target Support Files/Pods-RxWeather/Pods-RxWeather-frameworks.sh\"\n";
			showEnvVarsInLog = 0;
		};
		5740B5AB86563D350D5FAE14 /* [CP] Check Pods Manifest.lock */ = {
			isa = PBXShellScriptBuildPhase;
			buildActionMask = 2147483647;
			files = (
			);
			inputPaths = (
				"${PODS_PODFILE_DIR_PATH}/Podfile.lock",
				"${PODS_ROOT}/Manifest.lock",
			);
			name = "[CP] Check Pods Manifest.lock";
			outputPaths = (
				"$(DERIVED_FILE_DIR)/Pods-RxWeather-checkManifestLockResult.txt",
			);
			runOnlyForDeploymentPostprocessing = 0;
			shellPath = /bin/sh;
			shellScript = "diff \"${PODS_PODFILE_DIR_PATH}/Podfile.lock\" \"${PODS_ROOT}/Manifest.lock\" > /dev/null\nif [ $? != 0 ] ; then\n    # print error to STDERR\n    echo \"error: The sandbox is not in sync with the Podfile.lock. Run 'pod install' or update your CocoaPods installation.\" >&2\n    exit 1\nfi\n# This output is used by Xcode 'outputs' to avoid re-running this script phase.\necho \"SUCCESS\" > \"${SCRIPT_OUTPUT_FILE_0}\"\n";
			showEnvVarsInLog = 0;
		};
		67F5F01496C15582104A95D8 /* [CP] Copy Pods Resources */ = {
			isa = PBXShellScriptBuildPhase;
			buildActionMask = 2147483647;
			files = (
			);
			inputPaths = (
			);
			name = "[CP] Copy Pods Resources";
			outputPaths = (
			);
			runOnlyForDeploymentPostprocessing = 0;
			shellPath = /bin/sh;
			shellScript = "\"${SRCROOT}/Pods/Target Support Files/Pods-RxWeather/Pods-RxWeather-resources.sh\"\n";
			showEnvVarsInLog = 0;
		};
/* End PBXShellScriptBuildPhase section */

/* Begin PBXSourcesBuildPhase section */
		E5B55A201C6259A50064871C /* Sources */ = {
			isa = PBXSourcesBuildPhase;
			buildActionMask = 2147483647;
			files = (
				E5B55A2A1C6259A50064871C /* WeatherViewController.swift in Sources */,
				E50130371C64B86400B12FC3 /* WeatherViewModel.swift in Sources */,
				E50130351C64B6CF00B12FC3 /* Weather.swift in Sources */,
				E5B55A281C6259A50064871C /* AppDelegate.swift in Sources */,
			);
			runOnlyForDeploymentPostprocessing = 0;
		};
/* End PBXSourcesBuildPhase section */

/* Begin PBXVariantGroup section */
		E5B55A2B1C6259A50064871C /* Main.storyboard */ = {
			isa = PBXVariantGroup;
			children = (
				E5B55A2C1C6259A50064871C /* Base */,
			);
			name = Main.storyboard;
			sourceTree = "<group>";
		};
		E5B55A301C6259A50064871C /* LaunchScreen.storyboard */ = {
			isa = PBXVariantGroup;
			children = (
				E5B55A311C6259A50064871C /* Base */,
			);
			name = LaunchScreen.storyboard;
			sourceTree = "<group>";
		};
/* End PBXVariantGroup section */

/* Begin XCBuildConfiguration section */
		E5B55A341C6259A50064871C /* Debug */ = {
			isa = XCBuildConfiguration;
			buildSettings = {
				ALWAYS_SEARCH_USER_PATHS = NO;
				CLANG_CXX_LANGUAGE_STANDARD = "gnu++0x";
				CLANG_CXX_LIBRARY = "libc++";
				CLANG_ENABLE_MODULES = YES;
				CLANG_ENABLE_OBJC_ARC = YES;
				CLANG_WARN_BLOCK_CAPTURE_AUTORELEASING = YES;
				CLANG_WARN_BOOL_CONVERSION = YES;
				CLANG_WARN_COMMA = YES;
				CLANG_WARN_CONSTANT_CONVERSION = YES;
				CLANG_WARN_DIRECT_OBJC_ISA_USAGE = YES_ERROR;
				CLANG_WARN_EMPTY_BODY = YES;
				CLANG_WARN_ENUM_CONVERSION = YES;
				CLANG_WARN_INFINITE_RECURSION = YES;
				CLANG_WARN_INT_CONVERSION = YES;
				CLANG_WARN_NON_LITERAL_NULL_CONVERSION = YES;
				CLANG_WARN_OBJC_LITERAL_CONVERSION = YES;
				CLANG_WARN_OBJC_ROOT_CLASS = YES_ERROR;
				CLANG_WARN_RANGE_LOOP_ANALYSIS = YES;
				CLANG_WARN_STRICT_PROTOTYPES = YES;
				CLANG_WARN_SUSPICIOUS_MOVE = YES;
				CLANG_WARN_UNREACHABLE_CODE = YES;
				CLANG_WARN__DUPLICATE_METHOD_MATCH = YES;
				"CODE_SIGN_IDENTITY[sdk=iphoneos*]" = "iPhone Developer";
				COPY_PHASE_STRIP = NO;
				DEBUG_INFORMATION_FORMAT = dwarf;
				ENABLE_STRICT_OBJC_MSGSEND = YES;
				ENABLE_TESTABILITY = YES;
				GCC_C_LANGUAGE_STANDARD = gnu99;
				GCC_DYNAMIC_NO_PIC = NO;
				GCC_NO_COMMON_BLOCKS = YES;
				GCC_OPTIMIZATION_LEVEL = 0;
				GCC_PREPROCESSOR_DEFINITIONS = (
					"DEBUG=1",
					"$(inherited)",
				);
				GCC_WARN_64_TO_32_BIT_CONVERSION = YES;
				GCC_WARN_ABOUT_RETURN_TYPE = YES_ERROR;
				GCC_WARN_UNDECLARED_SELECTOR = YES;
				GCC_WARN_UNINITIALIZED_AUTOS = YES_AGGRESSIVE;
				GCC_WARN_UNUSED_FUNCTION = YES;
				GCC_WARN_UNUSED_VARIABLE = YES;
				IPHONEOS_DEPLOYMENT_TARGET = 9.2;
				MTL_ENABLE_DEBUG_INFO = YES;
				ONLY_ACTIVE_ARCH = YES;
				SDKROOT = iphoneos;
				SWIFT_OPTIMIZATION_LEVEL = "-Onone";
				SWIFT_VERSION = 4.0;
				TARGETED_DEVICE_FAMILY = "1,2";
			};
			name = Debug;
		};
		E5B55A351C6259A50064871C /* Release */ = {
			isa = XCBuildConfiguration;
			buildSettings = {
				ALWAYS_SEARCH_USER_PATHS = NO;
				CLANG_CXX_LANGUAGE_STANDARD = "gnu++0x";
				CLANG_CXX_LIBRARY = "libc++";
				CLANG_ENABLE_MODULES = YES;
				CLANG_ENABLE_OBJC_ARC = YES;
				CLANG_WARN_BLOCK_CAPTURE_AUTORELEASING = YES;
				CLANG_WARN_BOOL_CONVERSION = YES;
				CLANG_WARN_COMMA = YES;
				CLANG_WARN_CONSTANT_CONVERSION = YES;
				CLANG_WARN_DIRECT_OBJC_ISA_USAGE = YES_ERROR;
				CLANG_WARN_EMPTY_BODY = YES;
				CLANG_WARN_ENUM_CONVERSION = YES;
				CLANG_WARN_INFINITE_RECURSION = YES;
				CLANG_WARN_INT_CONVERSION = YES;
				CLANG_WARN_NON_LITERAL_NULL_CONVERSION = YES;
				CLANG_WARN_OBJC_LITERAL_CONVERSION = YES;
				CLANG_WARN_OBJC_ROOT_CLASS = YES_ERROR;
				CLANG_WARN_RANGE_LOOP_ANALYSIS = YES;
				CLANG_WARN_STRICT_PROTOTYPES = YES;
				CLANG_WARN_SUSPICIOUS_MOVE = YES;
				CLANG_WARN_UNREACHABLE_CODE = YES;
				CLANG_WARN__DUPLICATE_METHOD_MATCH = YES;
				"CODE_SIGN_IDENTITY[sdk=iphoneos*]" = "iPhone Developer";
				COPY_PHASE_STRIP = NO;
				DEBUG_INFORMATION_FORMAT = "dwarf-with-dsym";
				ENABLE_NS_ASSERTIONS = NO;
				ENABLE_STRICT_OBJC_MSGSEND = YES;
				GCC_C_LANGUAGE_STANDARD = gnu99;
				GCC_NO_COMMON_BLOCKS = YES;
				GCC_WARN_64_TO_32_BIT_CONVERSION = YES;
				GCC_WARN_ABOUT_RETURN_TYPE = YES_ERROR;
				GCC_WARN_UNDECLARED_SELECTOR = YES;
				GCC_WARN_UNINITIALIZED_AUTOS = YES_AGGRESSIVE;
				GCC_WARN_UNUSED_FUNCTION = YES;
				GCC_WARN_UNUSED_VARIABLE = YES;
				IPHONEOS_DEPLOYMENT_TARGET = 9.2;
				MTL_ENABLE_DEBUG_INFO = NO;
				SDKROOT = iphoneos;
				SWIFT_OPTIMIZATION_LEVEL = "-Owholemodule";
				SWIFT_VERSION = 4.0;
				TARGETED_DEVICE_FAMILY = "1,2";
				VALIDATE_PRODUCT = YES;
			};
			name = Release;
		};
		E5B55A371C6259A50064871C /* Debug */ = {
			isa = XCBuildConfiguration;
			baseConfigurationReference = BCF93E8AEFED5C8A16B8DCC0 /* Pods-RxWeather.debug.xcconfig */;
			buildSettings = {
				ALWAYS_EMBED_SWIFT_STANDARD_LIBRARIES = YES;
				ASSETCATALOG_COMPILER_APPICON_NAME = AppIcon;
				INFOPLIST_FILE = RxWeather/Info.plist;
				LD_RUNPATH_SEARCH_PATHS = "$(inherited) @executable_path/Frameworks";
				PRODUCT_BUNDLE_IDENTIFIER = com.enniobovyn.RxWeather;
				PRODUCT_NAME = "$(TARGET_NAME)";
			};
			name = Debug;
		};
		E5B55A381C6259A50064871C /* Release */ = {
			isa = XCBuildConfiguration;
			baseConfigurationReference = 1E0B464E9C7CBE3B1B2C504B /* Pods-RxWeather.release.xcconfig */;
			buildSettings = {
				ALWAYS_EMBED_SWIFT_STANDARD_LIBRARIES = YES;
				ASSETCATALOG_COMPILER_APPICON_NAME = AppIcon;
				INFOPLIST_FILE = RxWeather/Info.plist;
				LD_RUNPATH_SEARCH_PATHS = "$(inherited) @executable_path/Frameworks";
				PRODUCT_BUNDLE_IDENTIFIER = com.enniobovyn.RxWeather;
				PRODUCT_NAME = "$(TARGET_NAME)";
			};
			name = Release;
		};
/* End XCBuildConfiguration section */

/* Begin XCConfigurationList section */
		E5B55A1F1C6259A50064871C /* Build configuration list for PBXProject "RxWeather" */ = {
			isa = XCConfigurationList;
			buildConfigurations = (
				E5B55A341C6259A50064871C /* Debug */,
				E5B55A351C6259A50064871C /* Release */,
			);
			defaultConfigurationIsVisible = 0;
			defaultConfigurationName = Release;
		};
		E5B55A361C6259A50064871C /* Build configuration list for PBXNativeTarget "RxWeather" */ = {
			isa = XCConfigurationList;
			buildConfigurations = (
				E5B55A371C6259A50064871C /* Debug */,
				E5B55A381C6259A50064871C /* Release */,
			);
			defaultConfigurationIsVisible = 0;
			defaultConfigurationName = Release;
		};
/* End XCConfigurationList section */
	};
	rootObject = E5B55A1C1C6259A50064871C /* Project object */;
}
